
Microsoft Visual Studio Solution File, Format Version 12.00
# Visual Studio 15
VisualStudioVersion = 15.0.28307.902
MinimumVisualStudioVersion = 10.0.40219.1
Project("{FAE04EC0-301F-11D3-BF4B-00C04F79EFBC}") = "MarketBrands", "MarketBrands\MarketBrands.csproj", "{7ED7B04D-49BE-400F-9FF8-2109E6E24D9F}"
EndProject
Global
	GlobalSection(SolutionConfigurationPlatforms) = preSolution
		Debug|Any CPU = Debug|Any CPU
		Release|Any CPU = Release|Any CPU
	EndGlobalSection
	GlobalSection(ProjectConfigurationPlatforms) = postSolution
		{7ED7B04D-49BE-400F-9FF8-2109E6E24D9F}.Debug|Any CPU.ActiveCfg = Debug|Any CPU
		{7ED7B04D-49BE-400F-9FF8-2109E6E24D9F}.Debug|Any CPU.Build.0 = Debug|Any CPU
		{7ED7B04D-49BE-400F-9FF8-2109E6E24D9F}.Release|Any CPU.ActiveCfg = Release|Any CPU
		{7ED7B04D-49BE-400F-9FF8-2109E6E24D9F}.Release|Any CPU.Build.0 = Release|Any CPU
	EndGlobalSection
	GlobalSection(SolutionProperties) = preSolution
		HideSolutionNode = FALSE
	EndGlobalSection
	GlobalSection(ExtensibilityGlobals) = postSolution
		SolutionGuid = {D0503BAC-0977-404F-8810-1F1ECB005264}
	EndGlobalSection
EndGlobal
